
Microsoft Visual Studio Solution File, Format Version 12.00
Project("{FAE04EC0-301F-11D3-BF4B-00C04F79EFBC}") = "Users.Endpoints", "src\Modules\Users\Users.Endpoints\Users.Endpoints.csproj", "{9BB83752-D167-4776-9DB2-D13F4E7D952A}"
EndProject
Project("{FAE04EC0-301F-11D3-BF4B-00C04F79EFBC}") = "Users.Application", "src\Modules\Users\Users.Application\Users.Application.csproj", "{D04DF803-6DFB-4E44-BFE9-C331BD6E6D87}"
EndProject
Project("{FAE04EC0-301F-11D3-BF4B-00C04F79EFBC}") = "Users.Domain", "src\Modules\Users\Users.Domain\Users.Domain.csproj", "{2A38FD44-1457-441E-B92F-A6D9C508587B}"
EndProject
Project("{FAE04EC0-301F-11D3-BF4B-00C04F79EFBC}") = "Users.Infrastructure", "src\Modules\Users\Users.Infrastructure\Users.Infrastructure.csproj", "{EE1E8FF9-A863-4453-8C85-BE2AD16464B8}"
EndProject
Project("{FAE04EC0-301F-11D3-BF4B-00C04F79EFBC}") = "Havenly.Api", "src\Havenly.Api\Havenly.Api.csproj", "{A9BC554A-7F56-47EA-A53D-D96BC22FC2C3}"
EndProject
Global
	GlobalSection(SolutionConfigurationPlatforms) = preSolution
		Debug|Any CPU = Debug|Any CPU
		Release|Any CPU = Release|Any CPU
	EndGlobalSection
	GlobalSection(ProjectConfigurationPlatforms) = postSolution
		{9BB83752-D167-4776-9DB2-D13F4E7D952A}.Debug|Any CPU.ActiveCfg = Debug|Any CPU
		{9BB83752-D167-4776-9DB2-D13F4E7D952A}.Debug|Any CPU.Build.0 = Debug|Any CPU
		{9BB83752-D167-4776-9DB2-D13F4E7D952A}.Release|Any CPU.ActiveCfg = Release|Any CPU
		{9BB83752-D167-4776-9DB2-D13F4E7D952A}.Release|Any CPU.Build.0 = Release|Any CPU
		{D04DF803-6DFB-4E44-BFE9-C331BD6E6D87}.Debug|Any CPU.ActiveCfg = Debug|Any CPU
		{D04DF803-6DFB-4E44-BFE9-C331BD6E6D87}.Debug|Any CPU.Build.0 = Debug|Any CPU
		{D04DF803-6DFB-4E44-BFE9-C331BD6E6D87}.Release|Any CPU.ActiveCfg = Release|Any CPU
		{D04DF803-6DFB-4E44-BFE9-C331BD6E6D87}.Release|Any CPU.Build.0 = Release|Any CPU
		{2A38FD44-1457-441E-B92F-A6D9C508587B}.Debug|Any CPU.ActiveCfg = Debug|Any CPU
		{2A38FD44-1457-441E-B92F-A6D9C508587B}.Debug|Any CPU.Build.0 = Debug|Any CPU
		{2A38FD44-1457-441E-B92F-A6D9C508587B}.Release|Any CPU.ActiveCfg = Release|Any CPU
		{2A38FD44-1457-441E-B92F-A6D9C508587B}.Release|Any CPU.Build.0 = Release|Any CPU
		{EE1E8FF9-A863-4453-8C85-BE2AD16464B8}.Debug|Any CPU.ActiveCfg = Debug|Any CPU
		{EE1E8FF9-A863-4453-8C85-BE2AD16464B8}.Debug|Any CPU.Build.0 = Debug|Any CPU
		{EE1E8FF9-A863-4453-8C85-BE2AD16464B8}.Release|Any CPU.ActiveCfg = Release|Any CPU
		{EE1E8FF9-A863-4453-8C85-BE2AD16464B8}.Release|Any CPU.Build.0 = Release|Any CPU
		{A9BC554A-7F56-47EA-A53D-D96BC22FC2C3}.Debug|Any CPU.ActiveCfg = Debug|Any CPU
		{A9BC554A-7F56-47EA-A53D-D96BC22FC2C3}.Debug|Any CPU.Build.0 = Debug|Any CPU
		{A9BC554A-7F56-47EA-A53D-D96BC22FC2C3}.Release|Any CPU.ActiveCfg = Release|Any CPU
		{A9BC554A-7F56-47EA-A53D-D96BC22FC2C3}.Release|Any CPU.Build.0 = Release|Any CPU
	EndGlobalSection
EndGlobal
